
Microsoft Visual Studio Solution File, Format Version 12.00
# Visual Studio Version 17
VisualStudioVersion = 17.0.32112.339
MinimumVisualStudioVersion = 10.0.40219.1
Project("{FAE04EC0-301F-11D3-BF4B-00C04F79EFBC}") = "1-PrimeiroProjeto", "1-PrimeiroProjeto.csproj", "{52B3DB8F-A146-4A24-8A06-1301B4662F88}"
EndProject
Global
	GlobalSection(SolutionConfigurationPlatforms) = preSolution
		Debug|Any CPU = Debug|Any CPU
		Release|Any CPU = Release|Any CPU
	EndGlobalSection
	GlobalSection(ProjectConfigurationPlatforms) = postSolution
		{52B3DB8F-A146-4A24-8A06-1301B4662F88}.Debug|Any CPU.ActiveCfg = Debug|Any CPU
		{52B3DB8F-A146-4A24-8A06-1301B4662F88}.Debug|Any CPU.Build.0 = Debug|Any CPU
		{52B3DB8F-A146-4A24-8A06-1301B4662F88}.Release|Any CPU.ActiveCfg = Release|Any CPU
		{52B3DB8F-A146-4A24-8A06-1301B4662F88}.Release|Any CPU.Build.0 = Release|Any CPU
	EndGlobalSection
	GlobalSection(SolutionProperties) = preSolution
		HideSolutionNode = FALSE
	EndGlobalSection
	GlobalSection(ExtensibilityGlobals) = postSolution
		SolutionGuid = {2204EB39-64A0-4D5C-86AB-EB3B0DE15C99}
	EndGlobalSection
EndGlobal
