
Microsoft Visual Studio Solution File, Format Version 12.00
# Visual Studio Version 17
VisualStudioVersion = 17.0.32112.339
MinimumVisualStudioVersion = 10.0.40219.1
Project("{FAE04EC0-301F-11D3-BF4B-00C04F79EFBC}") = "7-Condicionais", "7-Condicionais.csproj", "{474F0697-DC3C-4D2B-A7FF-36BE9C8C7F5B}"
EndProject
Global
	GlobalSection(SolutionConfigurationPlatforms) = preSolution
		Debug|Any CPU = Debug|Any CPU
		Release|Any CPU = Release|Any CPU
	EndGlobalSection
	GlobalSection(ProjectConfigurationPlatforms) = postSolution
		{474F0697-DC3C-4D2B-A7FF-36BE9C8C7F5B}.Debug|Any CPU.ActiveCfg = Debug|Any CPU
		{474F0697-DC3C-4D2B-A7FF-36BE9C8C7F5B}.Debug|Any CPU.Build.0 = Debug|Any CPU
		{474F0697-DC3C-4D2B-A7FF-36BE9C8C7F5B}.Release|Any CPU.ActiveCfg = Release|Any CPU
		{474F0697-DC3C-4D2B-A7FF-36BE9C8C7F5B}.Release|Any CPU.Build.0 = Release|Any CPU
	EndGlobalSection
	GlobalSection(SolutionProperties) = preSolution
		HideSolutionNode = FALSE
	EndGlobalSection
	GlobalSection(ExtensibilityGlobals) = postSolution
		SolutionGuid = {22B6D308-3899-4845-B14C-1B26F120D7F9}
	EndGlobalSection
EndGlobal
