
Microsoft Visual Studio Solution File, Format Version 12.00
# Visual Studio Version 17
VisualStudioVersion = 17.0.32112.339
MinimumVisualStudioVersion = 10.0.40219.1
Project("{FAE04EC0-301F-11D3-BF4B-00C04F79EFBC}") = "3-CriandoVariaveisPontoFlutuante", "3-CriandoVariaveisPontoFlutuante.csproj", "{D79325A3-F0E6-4133-A2E3-BD18D8EA43F1}"
EndProject
Global
	GlobalSection(SolutionConfigurationPlatforms) = preSolution
		Debug|Any CPU = Debug|Any CPU
		Release|Any CPU = Release|Any CPU
	EndGlobalSection
	GlobalSection(ProjectConfigurationPlatforms) = postSolution
		{D79325A3-F0E6-4133-A2E3-BD18D8EA43F1}.Debug|Any CPU.ActiveCfg = Debug|Any CPU
		{D79325A3-F0E6-4133-A2E3-BD18D8EA43F1}.Debug|Any CPU.Build.0 = Debug|Any CPU
		{D79325A3-F0E6-4133-A2E3-BD18D8EA43F1}.Release|Any CPU.ActiveCfg = Release|Any CPU
		{D79325A3-F0E6-4133-A2E3-BD18D8EA43F1}.Release|Any CPU.Build.0 = Release|Any CPU
	EndGlobalSection
	GlobalSection(SolutionProperties) = preSolution
		HideSolutionNode = FALSE
	EndGlobalSection
	GlobalSection(ExtensibilityGlobals) = postSolution
		SolutionGuid = {EC5E8F29-145E-4A5E-8E61-D1A86631D717}
	EndGlobalSection
EndGlobal
